// !$*UTF8*$!
{
	archiveVersion = 1;
	classes = {
	};
	objectVersion = 48;
	objects = {

/* Begin PBXBuildFile section */
		C6094F7B1FDEF3FB00B3C307 /* AppDelegate.swift in Sources */ = {isa = PBXBuildFile; fileRef = C6094F7A1FDEF3FB00B3C307 /* AppDelegate.swift */; };
		C6094F7D1FDEF3FB00B3C307 /* ViewController.swift in Sources */ = {isa = PBXBuildFile; fileRef = C6094F7C1FDEF3FB00B3C307 /* ViewController.swift */; };
		C6094F801FDEF3FB00B3C307 /* Main.storyboard in Resources */ = {isa = PBXBuildFile; fileRef = C6094F7E1FDEF3FB00B3C307 /* Main.storyboard */; };
		C6094F821FDEF3FB00B3C307 /* Assets.xcassets in Resources */ = {isa = PBXBuildFile; fileRef = C6094F811FDEF3FB00B3C307 /* Assets.xcassets */; };
		C6094F851FDEF3FB00B3C307 /* LaunchScreen.storyboard in Resources */ = {isa = PBXBuildFile; fileRef = C6094F831FDEF3FB00B3C307 /* LaunchScreen.storyboard */; };
		C6094F901FDEF3FB00B3C307 /* SimplePanelTests.swift in Sources */ = {isa = PBXBuildFile; fileRef = C6094F8F1FDEF3FB00B3C307 /* SimplePanelTests.swift */; };
		C6094F9C1FDEF43300B3C307 /* PanelViewModel.swift in Sources */ = {isa = PBXBuildFile; fileRef = C6094F9A1FDEF43200B3C307 /* PanelViewModel.swift */; };
		C6094F9D1FDEF43300B3C307 /* Panel.swift in Sources */ = {isa = PBXBuildFile; fileRef = C6094F9B1FDEF43300B3C307 /* Panel.swift */; };
/* End PBXBuildFile section */

/* Begin PBXContainerItemProxy section */
		C6094F8C1FDEF3FB00B3C307 /* PBXContainerItemProxy */ = {
			isa = PBXContainerItemProxy;
			containerPortal = C6094F6F1FDEF3FB00B3C307 /* Project object */;
			proxyType = 1;
			remoteGlobalIDString = C6094F761FDEF3FB00B3C307;
			remoteInfo = SimplePanel;
		};
/* End PBXContainerItemProxy section */

/* Begin PBXFileReference section */
		C6094F771FDEF3FB00B3C307 /* SimplePanel.app */ = {isa = PBXFileReference; explicitFileType = wrapper.application; includeInIndex = 0; path = SimplePanel.app; sourceTree = BUILT_PRODUCTS_DIR; };
		C6094F7A1FDEF3FB00B3C307 /* AppDelegate.swift */ = {isa = PBXFileReference; lastKnownFileType = sourcecode.swift; path = AppDelegate.swift; sourceTree = "<group>"; };
		C6094F7C1FDEF3FB00B3C307 /* ViewController.swift */ = {isa = PBXFileReference; lastKnownFileType = sourcecode.swift; path = ViewController.swift; sourceTree = "<group>"; };
		C6094F7F1FDEF3FB00B3C307 /* Base */ = {isa = PBXFileReference; lastKnownFileType = file.storyboard; name = Base; path = Base.lproj/Main.storyboard; sourceTree = "<group>"; };
		C6094F811FDEF3FB00B3C307 /* Assets.xcassets */ = {isa = PBXFileReference; lastKnownFileType = folder.assetcatalog; path = Assets.xcassets; sourceTree = "<group>"; };
		C6094F841FDEF3FB00B3C307 /* Base */ = {isa = PBXFileReference; lastKnownFileType = file.storyboard; name = Base; path = Base.lproj/LaunchScreen.storyboard; sourceTree = "<group>"; };
		C6094F861FDEF3FB00B3C307 /* Info.plist */ = {isa = PBXFileReference; lastKnownFileType = text.plist.xml; path = Info.plist; sourceTree = "<group>"; };
		C6094F8B1FDEF3FB00B3C307 /* SimplePanelTests.xctest */ = {isa = PBXFileReference; explicitFileType = wrapper.cfbundle; includeInIndex = 0; path = SimplePanelTests.xctest; sourceTree = BUILT_PRODUCTS_DIR; };
		C6094F8F1FDEF3FB00B3C307 /* SimplePanelTests.swift */ = {isa = PBXFileReference; lastKnownFileType = sourcecode.swift; path = SimplePanelTests.swift; sourceTree = "<group>"; };
		C6094F911FDEF3FB00B3C307 /* Info.plist */ = {isa = PBXFileReference; lastKnownFileType = text.plist.xml; path = Info.plist; sourceTree = "<group>"; };
		C6094F9A1FDEF43200B3C307 /* PanelViewModel.swift */ = {isa = PBXFileReference; fileEncoding = 4; lastKnownFileType = sourcecode.swift; path = PanelViewModel.swift; sourceTree = "<group>"; };
		C6094F9B1FDEF43300B3C307 /* Panel.swift */ = {isa = PBXFileReference; fileEncoding = 4; lastKnownFileType = sourcecode.swift; path = Panel.swift; sourceTree = "<group>"; };
/* End PBXFileReference section */

/* Begin PBXFrameworksBuildPhase section */
		C6094F741FDEF3FB00B3C307 /* Frameworks */ = {
			isa = PBXFrameworksBuildPhase;
			buildActionMask = 2147483647;
			files = (
			);
			runOnlyForDeploymentPostprocessing = 0;
		};
		C6094F881FDEF3FB00B3C307 /* Frameworks */ = {
			isa = PBXFrameworksBuildPhase;
			buildActionMask = 2147483647;
			files = (
			);
			runOnlyForDeploymentPostprocessing = 0;
		};
/* End PBXFrameworksBuildPhase section */

/* Begin PBXGroup section */
		C6094F6E1FDEF3FB00B3C307 = {
			isa = PBXGroup;
			children = (
				C6094F791FDEF3FB00B3C307 /* SimplePanel */,
				C6094F8E1FDEF3FB00B3C307 /* SimplePanelTests */,
				C6094F781FDEF3FB00B3C307 /* Products */,
			);
			sourceTree = "<group>";
		};
		C6094F781FDEF3FB00B3C307 /* Products */ = {
			isa = PBXGroup;
			children = (
				C6094F771FDEF3FB00B3C307 /* SimplePanel.app */,
				C6094F8B1FDEF3FB00B3C307 /* SimplePanelTests.xctest */,
			);
			name = Products;
			sourceTree = "<group>";
		};
		C6094F791FDEF3FB00B3C307 /* SimplePanel */ = {
			isa = PBXGroup;
			children = (
				C6094F7A1FDEF3FB00B3C307 /* AppDelegate.swift */,
				C6094F7C1FDEF3FB00B3C307 /* ViewController.swift */,
				C6094F7E1FDEF3FB00B3C307 /* Main.storyboard */,
				C6094F811FDEF3FB00B3C307 /* Assets.xcassets */,
				C6094F831FDEF3FB00B3C307 /* LaunchScreen.storyboard */,
				C6094F861FDEF3FB00B3C307 /* Info.plist */,
				C6094F9B1FDEF43300B3C307 /* Panel.swift */,
				C6094F9A1FDEF43200B3C307 /* PanelViewModel.swift */,
			);
			path = SimplePanel;
			sourceTree = "<group>";
		};
		C6094F8E1FDEF3FB00B3C307 /* SimplePanelTests */ = {
			isa = PBXGroup;
			children = (
				C6094F8F1FDEF3FB00B3C307 /* SimplePanelTests.swift */,
				C6094F911FDEF3FB00B3C307 /* Info.plist */,
			);
			path = SimplePanelTests;
			sourceTree = "<group>";
		};
/* End PBXGroup section */

/* Begin PBXNativeTarget section */
		C6094F761FDEF3FB00B3C307 /* SimplePanel */ = {
			isa = PBXNativeTarget;
			buildConfigurationList = C6094F941FDEF3FB00B3C307 /* Build configuration list for PBXNativeTarget "SimplePanel" */;
			buildPhases = (
				C6094F731FDEF3FB00B3C307 /* Sources */,
				C6094F741FDEF3FB00B3C307 /* Frameworks */,
				C6094F751FDEF3FB00B3C307 /* Resources */,
			);
			buildRules = (
			);
			dependencies = (
			);
			name = SimplePanel;
			productName = SimplePanel;
			productReference = C6094F771FDEF3FB00B3C307 /* SimplePanel.app */;
			productType = "com.apple.product-type.application";
		};
		C6094F8A1FDEF3FB00B3C307 /* SimplePanelTests */ = {
			isa = PBXNativeTarget;
			buildConfigurationList = C6094F971FDEF3FB00B3C307 /* Build configuration list for PBXNativeTarget "SimplePanelTests" */;
			buildPhases = (
				C6094F871FDEF3FB00B3C307 /* Sources */,
				C6094F881FDEF3FB00B3C307 /* Frameworks */,
				C6094F891FDEF3FB00B3C307 /* Resources */,
			);
			buildRules = (
			);
			dependencies = (
				C6094F8D1FDEF3FB00B3C307 /* PBXTargetDependency */,
			);
			name = SimplePanelTests;
			productName = SimplePanelTests;
			productReference = C6094F8B1FDEF3FB00B3C307 /* SimplePanelTests.xctest */;
			productType = "com.apple.product-type.bundle.unit-test";
		};
/* End PBXNativeTarget section */

/* Begin PBXProject section */
		C6094F6F1FDEF3FB00B3C307 /* Project object */ = {
			isa = PBXProject;
			attributes = {
				LastSwiftUpdateCheck = 0910;
				LastUpgradeCheck = 0910;
				ORGANIZATIONNAME = "Ren, Bobby";
				TargetAttributes = {
					C6094F761FDEF3FB00B3C307 = {
						CreatedOnToolsVersion = 9.1;
						ProvisioningStyle = Automatic;
					};
					C6094F8A1FDEF3FB00B3C307 = {
						CreatedOnToolsVersion = 9.1;
						ProvisioningStyle = Automatic;
						TestTargetID = C6094F761FDEF3FB00B3C307;
					};
				};
			};
			buildConfigurationList = C6094F721FDEF3FB00B3C307 /* Build configuration list for PBXProject "SimplePanel" */;
			compatibilityVersion = "Xcode 8.0";
			developmentRegion = en;
			hasScannedForEncodings = 0;
			knownRegions = (
				en,
				Base,
			);
			mainGroup = C6094F6E1FDEF3FB00B3C307;
			productRefGroup = C6094F781FDEF3FB00B3C307 /* Products */;
			projectDirPath = "";
			projectRoot = "";
			targets = (
				C6094F761FDEF3FB00B3C307 /* SimplePanel */,
				C6094F8A1FDEF3FB00B3C307 /* SimplePanelTests */,
			);
		};
/* End PBXProject section */

/* Begin PBXResourcesBuildPhase section */
		C6094F751FDEF3FB00B3C307 /* Resources */ = {
			isa = PBXResourcesBuildPhase;
			buildActionMask = 2147483647;
			files = (
				C6094F851FDEF3FB00B3C307 /* LaunchScreen.storyboard in Resources */,
				C6094F821FDEF3FB00B3C307 /* Assets.xcassets in Resources */,
				C6094F801FDEF3FB00B3C307 /* Main.storyboard in Resources */,
			);
			runOnlyForDeploymentPostprocessing = 0;
		};
		C6094F891FDEF3FB00B3C307 /* Resources */ = {
			isa = PBXResourcesBuildPhase;
			buildActionMask = 2147483647;
			files = (
			);
			runOnlyForDeploymentPostprocessing = 0;
		};
/* End PBXResourcesBuildPhase section */

/* Begin PBXSourcesBuildPhase section */
		C6094F731FDEF3FB00B3C307 /* Sources */ = {
			isa = PBXSourcesBuildPhase;
			buildActionMask = 2147483647;
			files = (
				C6094F7D1FDEF3FB00B3C307 /* ViewController.swift in Sources */,
				C6094F7B1FDEF3FB00B3C307 /* AppDelegate.swift in Sources */,
				C6094F9D1FDEF43300B3C307 /* Panel.swift in Sources */,
				C6094F9C1FDEF43300B3C307 /* PanelViewModel.swift in Sources */,
			);
			runOnlyForDeploymentPostprocessing = 0;
		};
		C6094F871FDEF3FB00B3C307 /* Sources */ = {
			isa = PBXSourcesBuildPhase;
			buildActionMask = 2147483647;
			files = (
				C6094F901FDEF3FB00B3C307 /* SimplePanelTests.swift in Sources */,
			);
			runOnlyForDeploymentPostprocessing = 0;
		};
/* End PBXSourcesBuildPhase section */

/* Begin PBXTargetDependency section */
		C6094F8D1FDEF3FB00B3C307 /* PBXTargetDependency */ = {
			isa = PBXTargetDependency;
			target = C6094F761FDEF3FB00B3C307 /* SimplePanel */;
			targetProxy = C6094F8C1FDEF3FB00B3C307 /* PBXContainerItemProxy */;
		};
/* End PBXTargetDependency section */

/* Begin PBXVariantGroup section */
		C6094F7E1FDEF3FB00B3C307 /* Main.storyboard */ = {
			isa = PBXVariantGroup;
			children = (
				C6094F7F1FDEF3FB00B3C307 /* Base */,
			);
			name = Main.storyboard;
			sourceTree = "<group>";
		};
		C6094F831FDEF3FB00B3C307 /* LaunchScreen.storyboard */ = {
			isa = PBXVariantGroup;
			children = (
				C6094F841FDEF3FB00B3C307 /* Base */,
			);
			name = LaunchScreen.storyboard;
			sourceTree = "<group>";
		};
/* End PBXVariantGroup section */

/* Begin XCBuildConfiguration section */
		C6094F921FDEF3FB00B3C307 /* Debug */ = {
			isa = XCBuildConfiguration;
			buildSettings = {
				ALWAYS_SEARCH_USER_PATHS = NO;
				CLANG_ANALYZER_NONNULL = YES;
				CLANG_ANALYZER_NUMBER_OBJECT_CONVERSION = YES_AGGRESSIVE;
				CLANG_CXX_LANGUAGE_STANDARD = "gnu++14";
				CLANG_CXX_LIBRARY = "libc++";
				CLANG_ENABLE_MODULES = YES;
				CLANG_ENABLE_OBJC_ARC = YES;
				CLANG_WARN_BLOCK_CAPTURE_AUTORELEASING = YES;
				CLANG_WARN_BOOL_CONVERSION = YES;
				CLANG_WARN_COMMA = YES;
				CLANG_WARN_CONSTANT_CONVERSION = YES;
				CLANG_WARN_DIRECT_OBJC_ISA_USAGE = YES_ERROR;
				CLANG_WARN_DOCUMENTATION_COMMENTS = YES;
				CLANG_WARN_EMPTY_BODY = YES;
				CLANG_WARN_ENUM_CONVERSION = YES;
				CLANG_WARN_INFINITE_RECURSION = YES;
				CLANG_WARN_INT_CONVERSION = YES;
				CLANG_WARN_NON_LITERAL_NULL_CONVERSION = YES;
				CLANG_WARN_OBJC_LITERAL_CONVERSION = YES;
				CLANG_WARN_OBJC_ROOT_CLASS = YES_ERROR;
				CLANG_WARN_RANGE_LOOP_ANALYSIS = YES;
				CLANG_WARN_STRICT_PROTOTYPES = YES;
				CLANG_WARN_SUSPICIOUS_MOVE = YES;
				CLANG_WARN_UNGUARDED_AVAILABILITY = YES_AGGRESSIVE;
				CLANG_WARN_UNREACHABLE_CODE = YES;
				CLANG_WARN__DUPLICATE_METHOD_MATCH = YES;
				CODE_SIGN_IDENTITY = "iPhone Developer";
				COPY_PHASE_STRIP = NO;
				DEBUG_INFORMATION_FORMAT = dwarf;
				ENABLE_STRICT_OBJC_MSGSEND = YES;
				ENABLE_TESTABILITY = YES;
				GCC_C_LANGUAGE_STANDARD = gnu11;
				GCC_DYNAMIC_NO_PIC = NO;
				GCC_NO_COMMON_BLOCKS = YES;
				GCC_OPTIMIZATION_LEVEL = 0;
				GCC_PREPROCESSOR_DEFINITIONS = (
					"DEBUG=1",
					"$(inherited)",
				);
				GCC_WARN_64_TO_32_BIT_CONVERSION = YES;
				GCC_WARN_ABOUT_RETURN_TYPE = YES_ERROR;
				GCC_WARN_UNDECLARED_SELECTOR = YES;
				GCC_WARN_UNINITIALIZED_AUTOS = YES_AGGRESSIVE;
				GCC_WARN_UNUSED_FUNCTION = YES;
				GCC_WARN_UNUSED_VARIABLE = YES;
				IPHONEOS_DEPLOYMENT_TARGET = 11.1;
				MTL_ENABLE_DEBUG_INFO = YES;
				ONLY_ACTIVE_ARCH = YES;
				SDKROOT = iphoneos;
				SWIFT_ACTIVE_COMPILATION_CONDITIONS = DEBUG;
				SWIFT_OPTIMIZATION_LEVEL = "-Onone";
			};
			name = Debug;
		};
		C6094F931FDEF3FB00B3C307 /* Release */ = {
			isa = XCBuildConfiguration;
			buildSettings = {
				ALWAYS_SEARCH_USER_PATHS = NO;
				CLANG_ANALYZER_NONNULL = YES;
				CLANG_ANALYZER_NUMBER_OBJECT_CONVERSION = YES_AGGRESSIVE;
				CLANG_CXX_LANGUAGE_STANDARD = "gnu++14";
				CLANG_CXX_LIBRARY = "libc++";
				CLANG_ENABLE_MODULES = YES;
				CLANG_ENABLE_OBJC_ARC = YES;
				CLANG_WARN_BLOCK_CAPTURE_AUTORELEASING = YES;
				CLANG_WARN_BOOL_CONVERSION = YES;
				CLANG_WARN_COMMA = YES;
				CLANG_WARN_CONSTANT_CONVERSION = YES;
				CLANG_WARN_DIRECT_OBJC_ISA_USAGE = YES_ERROR;
				CLANG_WARN_DOCUMENTATION_COMMENTS = YES;
				CLANG_WARN_EMPTY_BODY = YES;
				CLANG_WARN_ENUM_CONVERSION = YES;
				CLANG_WARN_INFINITE_RECURSION = YES;
				CLANG_WARN_INT_CONVERSION = YES;
				CLANG_WARN_NON_LITERAL_NULL_CONVERSION = YES;
				CLANG_WARN_OBJC_LITERAL_CONVERSION = YES;
				CLANG_WARN_OBJC_ROOT_CLASS = YES_ERROR;
				CLANG_WARN_RANGE_LOOP_ANALYSIS = YES;
				CLANG_WARN_STRICT_PROTOTYPES = YES;
				CLANG_WARN_SUSPICIOUS_MOVE = YES;
				CLANG_WARN_UNGUARDED_AVAILABILITY = YES_AGGRESSIVE;
				CLANG_WARN_UNREACHABLE_CODE = YES;
				CLANG_WARN__DUPLICATE_METHOD_MATCH = YES;
				CODE_SIGN_IDENTITY = "iPhone Developer";
				COPY_PHASE_STRIP = NO;
				DEBUG_INFORMATION_FORMAT = "dwarf-with-dsym";
				ENABLE_NS_ASSERTIONS = NO;
				ENABLE_STRICT_OBJC_MSGSEND = YES;
				GCC_C_LANGUAGE_STANDARD = gnu11;
				GCC_NO_COMMON_BLOCKS = YES;
				GCC_WARN_64_TO_32_BIT_CONVERSION = YES;
				GCC_WARN_ABOUT_RETURN_TYPE = YES_ERROR;
				GCC_WARN_UNDECLARED_SELECTOR = YES;
				GCC_WARN_UNINITIALIZED_AUTOS = YES_AGGRESSIVE;
				GCC_WARN_UNUSED_FUNCTION = YES;
				GCC_WARN_UNUSED_VARIABLE = YES;
				IPHONEOS_DEPLOYMENT_TARGET = 11.1;
				MTL_ENABLE_DEBUG_INFO = NO;
				SDKROOT = iphoneos;
				SWIFT_OPTIMIZATION_LEVEL = "-Owholemodule";
				VALIDATE_PRODUCT = YES;
			};
			name = Release;
		};
		C6094F951FDEF3FB00B3C307 /* Debug */ = {
			isa = XCBuildConfiguration;
			buildSettings = {
				ASSETCATALOG_COMPILER_APPICON_NAME = AppIcon;
				CODE_SIGN_STYLE = Automatic;
				INFOPLIST_FILE = SimplePanel/Info.plist;
				LD_RUNPATH_SEARCH_PATHS = "$(inherited) @executable_path/Frameworks";
				PRODUCT_BUNDLE_IDENTIFIER = com.comcast.SimplePanel;
				PRODUCT_NAME = "$(TARGET_NAME)";
				SWIFT_VERSION = 4.0;
				TARGETED_DEVICE_FAMILY = "1,2";
			};
			name = Debug;
		};
		C6094F961FDEF3FB00B3C307 /* Release */ = {
			isa = XCBuildConfiguration;
			buildSettings = {
				ASSETCATALOG_COMPILER_APPICON_NAME = AppIcon;
				CODE_SIGN_STYLE = Automatic;
				INFOPLIST_FILE = SimplePanel/Info.plist;
				LD_RUNPATH_SEARCH_PATHS = "$(inherited) @executable_path/Frameworks";
				PRODUCT_BUNDLE_IDENTIFIER = com.comcast.SimplePanel;
				PRODUCT_NAME = "$(TARGET_NAME)";
				SWIFT_VERSION = 4.0;
				TARGETED_DEVICE_FAMILY = "1,2";
			};
			name = Release;
		};
		C6094F981FDEF3FB00B3C307 /* Debug */ = {
			isa = XCBuildConfiguration;
			buildSettings = {
				ALWAYS_EMBED_SWIFT_STANDARD_LIBRARIES = YES;
				BUNDLE_LOADER = "$(TEST_HOST)";
				CODE_SIGN_STYLE = Automatic;
				INFOPLIST_FILE = SimplePanelTests/Info.plist;
				LD_RUNPATH_SEARCH_PATHS = "$(inherited) @executable_path/Frameworks @loader_path/Frameworks";
				PRODUCT_BUNDLE_IDENTIFIER = com.comcast.SimplePanelTests;
				PRODUCT_NAME = "$(TARGET_NAME)";
				SWIFT_VERSION = 4.0;
				TARGETED_DEVICE_FAMILY = "1,2";
				TEST_HOST = "$(BUILT_PRODUCTS_DIR)/SimplePanel.app/SimplePanel";
			};
			name = Debug;
		};
		C6094F991FDEF3FB00B3C307 /* Release */ = {
			isa = XCBuildConfiguration;
			buildSettings = {
				ALWAYS_EMBED_SWIFT_STANDARD_LIBRARIES = YES;
				BUNDLE_LOADER = "$(TEST_HOST)";
				CODE_SIGN_STYLE = Automatic;
				INFOPLIST_FILE = SimplePanelTests/Info.plist;
				LD_RUNPATH_SEARCH_PATHS = "$(inherited) @executable_path/Frameworks @loader_path/Frameworks";
				PRODUCT_BUNDLE_IDENTIFIER = com.comcast.SimplePanelTests;
				PRODUCT_NAME = "$(TARGET_NAME)";
				SWIFT_VERSION = 4.0;
				TARGETED_DEVICE_FAMILY = "1,2";
				TEST_HOST = "$(BUILT_PRODUCTS_DIR)/SimplePanel.app/SimplePanel";
			};
			name = Release;
		};
/* End XCBuildConfiguration section */

/* Begin XCConfigurationList section */
		C6094F721FDEF3FB00B3C307 /* Build configuration list for PBXProject "SimplePanel" */ = {
			isa = XCConfigurationList;
			buildConfigurations = (
				C6094F921FDEF3FB00B3C307 /* Debug */,
				C6094F931FDEF3FB00B3C307 /* Release */,
			);
			defaultConfigurationIsVisible = 0;
			defaultConfigurationName = Release;
		};
		C6094F941FDEF3FB00B3C307 /* Build configuration list for PBXNativeTarget "SimplePanel" */ = {
			isa = XCConfigurationList;
			buildConfigurations = (
				C6094F951FDEF3FB00B3C307 /* Debug */,
				C6094F961FDEF3FB00B3C307 /* Release */,
			);
			defaultConfigurationIsVisible = 0;
			defaultConfigurationName = Release;
		};
		C6094F971FDEF3FB00B3C307 /* Build configuration list for PBXNativeTarget "SimplePanelTests" */ = {
			isa = XCConfigurationList;
			buildConfigurations = (
				C6094F981FDEF3FB00B3C307 /* Debug */,
				C6094F991FDEF3FB00B3C307 /* Release */,
			);
			defaultConfigurationIsVisible = 0;
			defaultConfigurationName = Release;
		};
/* End XCConfigurationList section */
	};
	rootObject = C6094F6F1FDEF3FB00B3C307 /* Project object */;
}
